
Microsoft Visual Studio Solution File, Format Version 12.00
# Visual Studio Version 16
VisualStudioVersion = 16.0.30204.135
MinimumVisualStudioVersion = 10.0.40219.1
Project("{FAE04EC0-301F-11D3-BF4B-00C04F79EFBC}") = "Ghimire-RSS-Feed", "Ghimire-RSS-Feed\Ghimire-RSS-Feed.csproj", "{ADF7E87B-FDFD-4463-A014-168D1C0FA1C7}"
EndProject
Global
	GlobalSection(SolutionConfigurationPlatforms) = preSolution
		Debug|Any CPU = Debug|Any CPU
		Release|Any CPU = Release|Any CPU
	EndGlobalSection
	GlobalSection(ProjectConfigurationPlatforms) = postSolution
		{ADF7E87B-FDFD-4463-A014-168D1C0FA1C7}.Debug|Any CPU.ActiveCfg = Debug|Any CPU
		{ADF7E87B-FDFD-4463-A014-168D1C0FA1C7}.Debug|Any CPU.Build.0 = Debug|Any CPU
		{ADF7E87B-FDFD-4463-A014-168D1C0FA1C7}.Release|Any CPU.ActiveCfg = Release|Any CPU
		{ADF7E87B-FDFD-4463-A014-168D1C0FA1C7}.Release|Any CPU.Build.0 = Release|Any CPU
	EndGlobalSection
	GlobalSection(SolutionProperties) = preSolution
		HideSolutionNode = FALSE
	EndGlobalSection
	GlobalSection(ExtensibilityGlobals) = postSolution
		SolutionGuid = {A85BDAE6-CED4-43A7-BDE2-4A17D1838CBA}
	EndGlobalSection
EndGlobal
